// !$*UTF8*$!
{
	archiveVersion = 1;
	classes = {
	};
	objectVersion = 56;
	objects = {

/* Begin PBXBuildFile section */
		C33D301C2AACC5950039B426 /* SushiDataModel.xcdatamodeld in Sources */ = {isa = PBXBuildFile; fileRef = C33D301A2AACC5950039B426 /* SushiDataModel.xcdatamodeld */; };
		C33D301D2AACC8020039B426 /* SushiDataModel.xcdatamodeld in Sources */ = {isa = PBXBuildFile; fileRef = C33D301A2AACC5950039B426 /* SushiDataModel.xcdatamodeld */; };
		C33D301E2AACC8020039B426 /* SushiDataModel.xcdatamodeld in Sources */ = {isa = PBXBuildFile; fileRef = C33D301A2AACC5950039B426 /* SushiDataModel.xcdatamodeld */; };
		C33D30282AACD1830039B426 /* PersistenceController.swift in Sources */ = {isa = PBXBuildFile; fileRef = C33D30272AACD1830039B426 /* PersistenceController.swift */; };
		C33D302A2AACDCDE0039B426 /* RestaurantItem.swift in Sources */ = {isa = PBXBuildFile; fileRef = C33D30292AACDCDE0039B426 /* RestaurantItem.swift */; };
		C33D302F2AACE2220039B426 /* RestaurantListViewModel.swift in Sources */ = {isa = PBXBuildFile; fileRef = C33D302E2AACE2220039B426 /* RestaurantListViewModel.swift */; };
		C33D30332AACE6150039B426 /* RestaurantDetailViewModel.swift in Sources */ = {isa = PBXBuildFile; fileRef = C33D30322AACE6150039B426 /* RestaurantDetailViewModel.swift */; };
		C33D30392AACF3AE0039B426 /* CustomTextFields.swift in Sources */ = {isa = PBXBuildFile; fileRef = C33D30382AACF3AE0039B426 /* CustomTextFields.swift */; };
		C35783882AC48EAD0099FD5A /* ScannerView.swift in Sources */ = {isa = PBXBuildFile; fileRef = C35783872AC48EAD0099FD5A /* ScannerView.swift */; };
		C357838A2AC495BA0099FD5A /* CameraView.swift in Sources */ = {isa = PBXBuildFile; fileRef = C35783892AC495BA0099FD5A /* CameraView.swift */; };
		C357838D2AC499E60099FD5A /* Permission.swift in Sources */ = {isa = PBXBuildFile; fileRef = C357838C2AC499E60099FD5A /* Permission.swift */; };
		C357838F2AC57F3D0099FD5A /* QRScannerDelegate.swift in Sources */ = {isa = PBXBuildFile; fileRef = C357838E2AC57F3D0099FD5A /* QRScannerDelegate.swift */; };
		C35F03072AB8ABBD00CE0E7B /* FoodItemManager.swift in Sources */ = {isa = PBXBuildFile; fileRef = C35F03062AB8ABBD00CE0E7B /* FoodItemManager.swift */; };
		C35F03092AB8ABEC00CE0E7B /* CoreDataStack.swift in Sources */ = {isa = PBXBuildFile; fileRef = C35F03082AB8ABEC00CE0E7B /* CoreDataStack.swift */; };
		C35F030B2AB8B21C00CE0E7B /* FoodData.swift in Sources */ = {isa = PBXBuildFile; fileRef = C35F030A2AB8B21C00CE0E7B /* FoodData.swift */; };
		C36526162AB0BDC3001B5931 /* RestaurantPopupViewModel.swift in Sources */ = {isa = PBXBuildFile; fileRef = C36526152AB0BDC3001B5931 /* RestaurantPopupViewModel.swift */; };
		C38FAF752AAB658400BC16B2 /* SearchBar.swift in Sources */ = {isa = PBXBuildFile; fileRef = C38FAF742AAB658400BC16B2 /* SearchBar.swift */; };
		C38FAF772AAB710900BC16B2 /* RestaurantListView.swift in Sources */ = {isa = PBXBuildFile; fileRef = C38FAF762AAB710900BC16B2 /* RestaurantListView.swift */; };
		C3937CE32AAF6440002D1CD6 /* KeyboardHandling.swift in Sources */ = {isa = PBXBuildFile; fileRef = C3937CE22AAF6440002D1CD6 /* KeyboardHandling.swift */; };
		C3947A0F2AA9BB2C00561D26 /* SushiTrackerApp.swift in Sources */ = {isa = PBXBuildFile; fileRef = C3947A0E2AA9BB2C00561D26 /* SushiTrackerApp.swift */; };
		C3947A112AA9BB2C00561D26 /* ContentView.swift in Sources */ = {isa = PBXBuildFile; fileRef = C3947A102AA9BB2C00561D26 /* ContentView.swift */; };
		C3947A132AA9BB2D00561D26 /* Assets.xcassets in Resources */ = {isa = PBXBuildFile; fileRef = C3947A122AA9BB2D00561D26 /* Assets.xcassets */; };
		C3947A162AA9BB2D00561D26 /* Preview Assets.xcassets in Resources */ = {isa = PBXBuildFile; fileRef = C3947A152AA9BB2D00561D26 /* Preview Assets.xcassets */; };
		C3947A202AA9BB2D00561D26 /* SushiTrackerTests.swift in Sources */ = {isa = PBXBuildFile; fileRef = C3947A1F2AA9BB2D00561D26 /* SushiTrackerTests.swift */; };
		C3947A2A2AA9BB2D00561D26 /* SushiTrackerUITests.swift in Sources */ = {isa = PBXBuildFile; fileRef = C3947A292AA9BB2D00561D26 /* SushiTrackerUITests.swift */; };
		C3947A2C2AA9BB2D00561D26 /* SushiTrackerUITestsLaunchTests.swift in Sources */ = {isa = PBXBuildFile; fileRef = C3947A2B2AA9BB2D00561D26 /* SushiTrackerUITestsLaunchTests.swift */; };
		C3947A392AAA01CB00561D26 /* ResturantPopupView.swift in Sources */ = {isa = PBXBuildFile; fileRef = C3947A382AAA01CB00561D26 /* ResturantPopupView.swift */; };
		C3947A3D2AAA0C9400561D26 /* RestaurantDetailView.swift in Sources */ = {isa = PBXBuildFile; fileRef = C3947A3C2AAA0C9400561D26 /* RestaurantDetailView.swift */; };
		C3947A3F2AAA0CBE00561D26 /* RestaurantRowView.swift in Sources */ = {isa = PBXBuildFile; fileRef = C3947A3E2AAA0CBE00561D26 /* RestaurantRowView.swift */; };
		C3AF01082AB1CC39007E9D35 /* CustomDraggableView.swift in Sources */ = {isa = PBXBuildFile; fileRef = C3AF01072AB1CC39007E9D35 /* CustomDraggableView.swift */; };
		C3AF010A2AB1E5CA007E9D35 /* ScontrinoView.swift in Sources */ = {isa = PBXBuildFile; fileRef = C3AF01092AB1E5CA007E9D35 /* ScontrinoView.swift */; };
		C3AF01112AB2102D007E9D35 /* ListInsideScontrino.swift in Sources */ = {isa = PBXBuildFile; fileRef = C3AF01102AB2102D007E9D35 /* ListInsideScontrino.swift */; };
		C3D9E7AE2AB86B15001728B9 /* SoundManager.swift in Sources */ = {isa = PBXBuildFile; fileRef = C3D9E7AD2AB86B15001728B9 /* SoundManager.swift */; };
		C3D9E7B02AB870D8001728B9 /* AddFoodView.swift in Sources */ = {isa = PBXBuildFile; fileRef = C3D9E7AF2AB870D7001728B9 /* AddFoodView.swift */; };
		C3D9E7B22AB87101001728B9 /* AddDrinkView.swift in Sources */ = {isa = PBXBuildFile; fileRef = C3D9E7B12AB87101001728B9 /* AddDrinkView.swift */; };
		C3DB4F752AAE379D006CBD40 /* MapKit.swift in Sources */ = {isa = PBXBuildFile; fileRef = C3DB4F742AAE379D006CBD40 /* MapKit.swift */; };
		C3EA6F482AB31EF5009FF0BB /* FloatingButton in Frameworks */ = {isa = PBXBuildFile; productRef = C3EA6F472AB31EF5009FF0BB /* FloatingButton */; };
		C3EA6F4F2AB34B00009FF0BB /* FloatingButtonView.swift in Sources */ = {isa = PBXBuildFile; fileRef = C3EA6F4E2AB34B00009FF0BB /* FloatingButtonView.swift */; };
		C3F96FA82AC593FF0072DA42 /* QRCodeButton.swift in Sources */ = {isa = PBXBuildFile; fileRef = C3F96FA72AC593FF0072DA42 /* QRCodeButton.swift */; };
		C3F96FAA2AC59AAD0072DA42 /* buttonpressed.mp3 in Resources */ = {isa = PBXBuildFile; fileRef = C3F96FA92AC59AAD0072DA42 /* buttonpressed.mp3 */; };
		C3F96FAC2AC5AB9C0072DA42 /* Extensions+Views.swift in Sources */ = {isa = PBXBuildFile; fileRef = C3F96FAB2AC5AB9C0072DA42 /* Extensions+Views.swift */; };
/* End PBXBuildFile section */

/* Begin PBXContainerItemProxy section */
		C3947A1C2AA9BB2D00561D26 /* PBXContainerItemProxy */ = {
			isa = PBXContainerItemProxy;
			containerPortal = C3947A032AA9BB2C00561D26 /* Project object */;
			proxyType = 1;
			remoteGlobalIDString = C3947A0A2AA9BB2C00561D26;
			remoteInfo = SushiTracker;
		};
		C3947A262AA9BB2D00561D26 /* PBXContainerItemProxy */ = {
			isa = PBXContainerItemProxy;
			containerPortal = C3947A032AA9BB2C00561D26 /* Project object */;
			proxyType = 1;
			remoteGlobalIDString = C3947A0A2AA9BB2C00561D26;
			remoteInfo = SushiTracker;
		};
/* End PBXContainerItemProxy section */

/* Begin PBXFileReference section */
		C33D301B2AACC5950039B426 /* SushiDataModel.xcdatamodel */ = {isa = PBXFileReference; lastKnownFileType = wrapper.xcdatamodel; path = SushiDataModel.xcdatamodel; sourceTree = "<group>"; };
		C33D30272AACD1830039B426 /* PersistenceController.swift */ = {isa = PBXFileReference; lastKnownFileType = sourcecode.swift; path = PersistenceController.swift; sourceTree = "<group>"; };
		C33D30292AACDCDE0039B426 /* RestaurantItem.swift */ = {isa = PBXFileReference; lastKnownFileType = sourcecode.swift; path = RestaurantItem.swift; sourceTree = "<group>"; };
		C33D302E2AACE2220039B426 /* RestaurantListViewModel.swift */ = {isa = PBXFileReference; lastKnownFileType = sourcecode.swift; path = RestaurantListViewModel.swift; sourceTree = "<group>"; };
		C33D30322AACE6150039B426 /* RestaurantDetailViewModel.swift */ = {isa = PBXFileReference; lastKnownFileType = sourcecode.swift; path = RestaurantDetailViewModel.swift; sourceTree = "<group>"; };
		C33D30382AACF3AE0039B426 /* CustomTextFields.swift */ = {isa = PBXFileReference; lastKnownFileType = sourcecode.swift; path = CustomTextFields.swift; sourceTree = "<group>"; };
		C33D303A2AACF9960039B426 /* Info.plist */ = {isa = PBXFileReference; lastKnownFileType = text.plist; path = Info.plist; sourceTree = "<group>"; };
		C35783872AC48EAD0099FD5A /* ScannerView.swift */ = {isa = PBXFileReference; lastKnownFileType = sourcecode.swift; path = ScannerView.swift; sourceTree = "<group>"; };
		C35783892AC495BA0099FD5A /* CameraView.swift */ = {isa = PBXFileReference; lastKnownFileType = sourcecode.swift; path = CameraView.swift; sourceTree = "<group>"; };
		C357838C2AC499E60099FD5A /* Permission.swift */ = {isa = PBXFileReference; lastKnownFileType = sourcecode.swift; path = Permission.swift; sourceTree = "<group>"; };
		C357838E2AC57F3D0099FD5A /* QRScannerDelegate.swift */ = {isa = PBXFileReference; lastKnownFileType = sourcecode.swift; path = QRScannerDelegate.swift; sourceTree = "<group>"; };
		C35F03062AB8ABBD00CE0E7B /* FoodItemManager.swift */ = {isa = PBXFileReference; lastKnownFileType = sourcecode.swift; path = FoodItemManager.swift; sourceTree = "<group>"; };
		C35F03082AB8ABEC00CE0E7B /* CoreDataStack.swift */ = {isa = PBXFileReference; lastKnownFileType = sourcecode.swift; path = CoreDataStack.swift; sourceTree = "<group>"; };
		C35F030A2AB8B21C00CE0E7B /* FoodData.swift */ = {isa = PBXFileReference; lastKnownFileType = sourcecode.swift; path = FoodData.swift; sourceTree = "<group>"; };
		C36526152AB0BDC3001B5931 /* RestaurantPopupViewModel.swift */ = {isa = PBXFileReference; lastKnownFileType = sourcecode.swift; path = RestaurantPopupViewModel.swift; sourceTree = "<group>"; };
		C38FAF742AAB658400BC16B2 /* SearchBar.swift */ = {isa = PBXFileReference; lastKnownFileType = sourcecode.swift; path = SearchBar.swift; sourceTree = "<group>"; };
		C38FAF762AAB710900BC16B2 /* RestaurantListView.swift */ = {isa = PBXFileReference; lastKnownFileType = sourcecode.swift; path = RestaurantListView.swift; sourceTree = "<group>"; };
		C3937CE22AAF6440002D1CD6 /* KeyboardHandling.swift */ = {isa = PBXFileReference; lastKnownFileType = sourcecode.swift; path = KeyboardHandling.swift; sourceTree = "<group>"; };
		C3947A0B2AA9BB2C00561D26 /* SushiTracker.app */ = {isa = PBXFileReference; explicitFileType = wrapper.application; includeInIndex = 0; path = SushiTracker.app; sourceTree = BUILT_PRODUCTS_DIR; };
		C3947A0E2AA9BB2C00561D26 /* SushiTrackerApp.swift */ = {isa = PBXFileReference; lastKnownFileType = sourcecode.swift; path = SushiTrackerApp.swift; sourceTree = "<group>"; };
		C3947A102AA9BB2C00561D26 /* ContentView.swift */ = {isa = PBXFileReference; lastKnownFileType = sourcecode.swift; path = ContentView.swift; sourceTree = "<group>"; };
		C3947A122AA9BB2D00561D26 /* Assets.xcassets */ = {isa = PBXFileReference; lastKnownFileType = folder.assetcatalog; path = Assets.xcassets; sourceTree = "<group>"; };
		C3947A152AA9BB2D00561D26 /* Preview Assets.xcassets */ = {isa = PBXFileReference; lastKnownFileType = folder.assetcatalog; path = "Preview Assets.xcassets"; sourceTree = "<group>"; };
		C3947A1B2AA9BB2D00561D26 /* SushiTrackerTests.xctest */ = {isa = PBXFileReference; explicitFileType = wrapper.cfbundle; includeInIndex = 0; path = SushiTrackerTests.xctest; sourceTree = BUILT_PRODUCTS_DIR; };
		C3947A1F2AA9BB2D00561D26 /* SushiTrackerTests.swift */ = {isa = PBXFileReference; lastKnownFileType = sourcecode.swift; path = SushiTrackerTests.swift; sourceTree = "<group>"; };
		C3947A252AA9BB2D00561D26 /* SushiTrackerUITests.xctest */ = {isa = PBXFileReference; explicitFileType = wrapper.cfbundle; includeInIndex = 0; path = SushiTrackerUITests.xctest; sourceTree = BUILT_PRODUCTS_DIR; };
		C3947A292AA9BB2D00561D26 /* SushiTrackerUITests.swift */ = {isa = PBXFileReference; lastKnownFileType = sourcecode.swift; path = SushiTrackerUITests.swift; sourceTree = "<group>"; };
		C3947A2B2AA9BB2D00561D26 /* SushiTrackerUITestsLaunchTests.swift */ = {isa = PBXFileReference; lastKnownFileType = sourcecode.swift; path = SushiTrackerUITestsLaunchTests.swift; sourceTree = "<group>"; };
		C3947A382AAA01CB00561D26 /* ResturantPopupView.swift */ = {isa = PBXFileReference; lastKnownFileType = sourcecode.swift; path = ResturantPopupView.swift; sourceTree = "<group>"; };
		C3947A3C2AAA0C9400561D26 /* RestaurantDetailView.swift */ = {isa = PBXFileReference; lastKnownFileType = sourcecode.swift; path = RestaurantDetailView.swift; sourceTree = "<group>"; };
		C3947A3E2AAA0CBE00561D26 /* RestaurantRowView.swift */ = {isa = PBXFileReference; lastKnownFileType = sourcecode.swift; path = RestaurantRowView.swift; sourceTree = "<group>"; };
		C3AF01072AB1CC39007E9D35 /* CustomDraggableView.swift */ = {isa = PBXFileReference; lastKnownFileType = sourcecode.swift; path = CustomDraggableView.swift; sourceTree = "<group>"; };
		C3AF01092AB1E5CA007E9D35 /* ScontrinoView.swift */ = {isa = PBXFileReference; lastKnownFileType = sourcecode.swift; path = ScontrinoView.swift; sourceTree = "<group>"; };
		C3AF01102AB2102D007E9D35 /* ListInsideScontrino.swift */ = {isa = PBXFileReference; lastKnownFileType = sourcecode.swift; path = ListInsideScontrino.swift; sourceTree = "<group>"; };
		C3D9E7AD2AB86B15001728B9 /* SoundManager.swift */ = {isa = PBXFileReference; lastKnownFileType = sourcecode.swift; path = SoundManager.swift; sourceTree = "<group>"; };
		C3D9E7AF2AB870D7001728B9 /* AddFoodView.swift */ = {isa = PBXFileReference; lastKnownFileType = sourcecode.swift; path = AddFoodView.swift; sourceTree = "<group>"; };
		C3D9E7B12AB87101001728B9 /* AddDrinkView.swift */ = {isa = PBXFileReference; lastKnownFileType = sourcecode.swift; path = AddDrinkView.swift; sourceTree = "<group>"; };
		C3DB4F742AAE379D006CBD40 /* MapKit.swift */ = {isa = PBXFileReference; lastKnownFileType = sourcecode.swift; path = MapKit.swift; sourceTree = "<group>"; };
		C3EA6F4E2AB34B00009FF0BB /* FloatingButtonView.swift */ = {isa = PBXFileReference; lastKnownFileType = sourcecode.swift; path = FloatingButtonView.swift; sourceTree = "<group>"; };
		C3F96FA72AC593FF0072DA42 /* QRCodeButton.swift */ = {isa = PBXFileReference; lastKnownFileType = sourcecode.swift; path = QRCodeButton.swift; sourceTree = "<group>"; };
		C3F96FA92AC59AAD0072DA42 /* buttonpressed.mp3 */ = {isa = PBXFileReference; lastKnownFileType = audio.mp3; path = buttonpressed.mp3; sourceTree = "<group>"; };
		C3F96FAB2AC5AB9C0072DA42 /* Extensions+Views.swift */ = {isa = PBXFileReference; lastKnownFileType = sourcecode.swift; path = "Extensions+Views.swift"; sourceTree = "<group>"; };
/* End PBXFileReference section */

/* Begin PBXFrameworksBuildPhase section */
		C3947A082AA9BB2C00561D26 /* Frameworks */ = {
			isa = PBXFrameworksBuildPhase;
			buildActionMask = 2147483647;
			files = (
				C3EA6F482AB31EF5009FF0BB /* FloatingButton in Frameworks */,
			);
			runOnlyForDeploymentPostprocessing = 0;
		};
		C3947A182AA9BB2D00561D26 /* Frameworks */ = {
			isa = PBXFrameworksBuildPhase;
			buildActionMask = 2147483647;
			files = (
			);
			runOnlyForDeploymentPostprocessing = 0;
		};
		C3947A222AA9BB2D00561D26 /* Frameworks */ = {
			isa = PBXFrameworksBuildPhase;
			buildActionMask = 2147483647;
			files = (
			);
			runOnlyForDeploymentPostprocessing = 0;
		};
/* End PBXFrameworksBuildPhase section */

/* Begin PBXGroup section */
		C33D302B2AACE19E0039B426 /* Views */ = {
			isa = PBXGroup;
			children = (
				C357838B2AC495C60099FD5A /* QRCode */,
				C38FAF762AAB710900BC16B2 /* RestaurantListView.swift */,
				C3947A3C2AAA0C9400561D26 /* RestaurantDetailView.swift */,
				C3947A102AA9BB2C00561D26 /* ContentView.swift */,
				C3947A3E2AAA0CBE00561D26 /* RestaurantRowView.swift */,
				C3947A382AAA01CB00561D26 /* ResturantPopupView.swift */,
				C3AF01092AB1E5CA007E9D35 /* ScontrinoView.swift */,
				C3AF01102AB2102D007E9D35 /* ListInsideScontrino.swift */,
				C3D9E7AF2AB870D7001728B9 /* AddFoodView.swift */,
				C3D9E7B12AB87101001728B9 /* AddDrinkView.swift */,
			);
			path = Views;
			sourceTree = "<group>";
		};
		C33D302C2AACE1F10039B426 /* Model */ = {
			isa = PBXGroup;
			children = (
				C33D30272AACD1830039B426 /* PersistenceController.swift */,
				C33D30292AACDCDE0039B426 /* RestaurantItem.swift */,
				C35F030A2AB8B21C00CE0E7B /* FoodData.swift */,
				C357838C2AC499E60099FD5A /* Permission.swift */,
				C357838E2AC57F3D0099FD5A /* QRScannerDelegate.swift */,
			);
			path = Model;
			sourceTree = "<group>";
		};
		C33D302D2AACE2140039B426 /* ViewModel */ = {
			isa = PBXGroup;
			children = (
				C33D302E2AACE2220039B426 /* RestaurantListViewModel.swift */,
				C33D30322AACE6150039B426 /* RestaurantDetailViewModel.swift */,
				C36526152AB0BDC3001B5931 /* RestaurantPopupViewModel.swift */,
			);
			path = ViewModel;
			sourceTree = "<group>";
		};
		C357838B2AC495C60099FD5A /* QRCode */ = {
			isa = PBXGroup;
			children = (
				C35783872AC48EAD0099FD5A /* ScannerView.swift */,
				C35783892AC495BA0099FD5A /* CameraView.swift */,
			);
			path = QRCode;
			sourceTree = "<group>";
		};
		C3947A022AA9BB2C00561D26 = {
			isa = PBXGroup;
			children = (
				C33D301A2AACC5950039B426 /* SushiDataModel.xcdatamodeld */,
				C3947A0D2AA9BB2C00561D26 /* SushiTracker */,
				C3947A1E2AA9BB2D00561D26 /* SushiTrackerTests */,
				C3947A282AA9BB2D00561D26 /* SushiTrackerUITests */,
				C3947A0C2AA9BB2C00561D26 /* Products */,
			);
			sourceTree = "<group>";
		};
		C3947A0C2AA9BB2C00561D26 /* Products */ = {
			isa = PBXGroup;
			children = (
				C3947A0B2AA9BB2C00561D26 /* SushiTracker.app */,
				C3947A1B2AA9BB2D00561D26 /* SushiTrackerTests.xctest */,
				C3947A252AA9BB2D00561D26 /* SushiTrackerUITests.xctest */,
			);
			name = Products;
			sourceTree = "<group>";
		};
		C3947A0D2AA9BB2C00561D26 /* SushiTracker */ = {
			isa = PBXGroup;
			children = (
				C35F03082AB8ABEC00CE0E7B /* CoreDataStack.swift */,
				C35F03062AB8ABBD00CE0E7B /* FoodItemManager.swift */,
				C33D303A2AACF9960039B426 /* Info.plist */,
				C33D302D2AACE2140039B426 /* ViewModel */,
				C33D302C2AACE1F10039B426 /* Model */,
				C33D302B2AACE19E0039B426 /* Views */,
				C3947A0E2AA9BB2C00561D26 /* SushiTrackerApp.swift */,
				C3947A122AA9BB2D00561D26 /* Assets.xcassets */,
				C3AF010B2AB203EA007E9D35 /* Support */,
				C3947A142AA9BB2D00561D26 /* Preview Content */,
			);
			path = SushiTracker;
			sourceTree = "<group>";
		};
		C3947A142AA9BB2D00561D26 /* Preview Content */ = {
			isa = PBXGroup;
			children = (
				C3947A152AA9BB2D00561D26 /* Preview Assets.xcassets */,
			);
			path = "Preview Content";
			sourceTree = "<group>";
		};
		C3947A1E2AA9BB2D00561D26 /* SushiTrackerTests */ = {
			isa = PBXGroup;
			children = (
				C3947A1F2AA9BB2D00561D26 /* SushiTrackerTests.swift */,
			);
			path = SushiTrackerTests;
			sourceTree = "<group>";
		};
		C3947A282AA9BB2D00561D26 /* SushiTrackerUITests */ = {
			isa = PBXGroup;
			children = (
				C3947A292AA9BB2D00561D26 /* SushiTrackerUITests.swift */,
				C3947A2B2AA9BB2D00561D26 /* SushiTrackerUITestsLaunchTests.swift */,
			);
			path = SushiTrackerUITests;
			sourceTree = "<group>";
		};
		C3AF010B2AB203EA007E9D35 /* Support */ = {
			isa = PBXGroup;
			children = (
				C38FAF742AAB658400BC16B2 /* SearchBar.swift */,
				C33D30382AACF3AE0039B426 /* CustomTextFields.swift */,
				C3DB4F742AAE379D006CBD40 /* MapKit.swift */,
				C3937CE22AAF6440002D1CD6 /* KeyboardHandling.swift */,
				C3AF01072AB1CC39007E9D35 /* CustomDraggableView.swift */,
				C3EA6F4E2AB34B00009FF0BB /* FloatingButtonView.swift */,
				C3D9E7AD2AB86B15001728B9 /* SoundManager.swift */,
				C3F96FA72AC593FF0072DA42 /* QRCodeButton.swift */,
				C3F96FA92AC59AAD0072DA42 /* buttonpressed.mp3 */,
				C3F96FAB2AC5AB9C0072DA42 /* Extensions+Views.swift */,
			);
			path = Support;
			sourceTree = "<group>";
		};
/* End PBXGroup section */

/* Begin PBXNativeTarget section */
		C3947A0A2AA9BB2C00561D26 /* SushiTracker */ = {
			isa = PBXNativeTarget;
			buildConfigurationList = C3947A2F2AA9BB2D00561D26 /* Build configuration list for PBXNativeTarget "SushiTracker" */;
			buildPhases = (
				C3947A072AA9BB2C00561D26 /* Sources */,
				C3947A082AA9BB2C00561D26 /* Frameworks */,
				C3947A092AA9BB2C00561D26 /* Resources */,
			);
			buildRules = (
			);
			dependencies = (
			);
			name = SushiTracker;
			packageProductDependencies = (
				C3EA6F472AB31EF5009FF0BB /* FloatingButton */,
			);
			productName = SushiTracker;
			productReference = C3947A0B2AA9BB2C00561D26 /* SushiTracker.app */;
			productType = "com.apple.product-type.application";
		};
		C3947A1A2AA9BB2D00561D26 /* SushiTrackerTests */ = {
			isa = PBXNativeTarget;
			buildConfigurationList = C3947A322AA9BB2D00561D26 /* Build configuration list for PBXNativeTarget "SushiTrackerTests" */;
			buildPhases = (
				C3947A172AA9BB2D00561D26 /* Sources */,
				C3947A182AA9BB2D00561D26 /* Frameworks */,
				C3947A192AA9BB2D00561D26 /* Resources */,
			);
			buildRules = (
			);
			dependencies = (
				C3947A1D2AA9BB2D00561D26 /* PBXTargetDependency */,
			);
			name = SushiTrackerTests;
			productName = SushiTrackerTests;
			productReference = C3947A1B2AA9BB2D00561D26 /* SushiTrackerTests.xctest */;
			productType = "com.apple.product-type.bundle.unit-test";
		};
		C3947A242AA9BB2D00561D26 /* SushiTrackerUITests */ = {
			isa = PBXNativeTarget;
			buildConfigurationList = C3947A352AA9BB2D00561D26 /* Build configuration list for PBXNativeTarget "SushiTrackerUITests" */;
			buildPhases = (
				C3947A212AA9BB2D00561D26 /* Sources */,
				C3947A222AA9BB2D00561D26 /* Frameworks */,
				C3947A232AA9BB2D00561D26 /* Resources */,
			);
			buildRules = (
			);
			dependencies = (
				C3947A272AA9BB2D00561D26 /* PBXTargetDependency */,
			);
			name = SushiTrackerUITests;
			productName = SushiTrackerUITests;
			productReference = C3947A252AA9BB2D00561D26 /* SushiTrackerUITests.xctest */;
			productType = "com.apple.product-type.bundle.ui-testing";
		};
/* End PBXNativeTarget section */

/* Begin PBXProject section */
		C3947A032AA9BB2C00561D26 /* Project object */ = {
			isa = PBXProject;
			attributes = {
				BuildIndependentTargetsInParallel = 1;
				LastSwiftUpdateCheck = 1430;
				LastUpgradeCheck = 1500;
				TargetAttributes = {
					C3947A0A2AA9BB2C00561D26 = {
						CreatedOnToolsVersion = 14.3.1;
					};
					C3947A1A2AA9BB2D00561D26 = {
						CreatedOnToolsVersion = 14.3.1;
						TestTargetID = C3947A0A2AA9BB2C00561D26;
					};
					C3947A242AA9BB2D00561D26 = {
						CreatedOnToolsVersion = 14.3.1;
						TestTargetID = C3947A0A2AA9BB2C00561D26;
					};
				};
			};
			buildConfigurationList = C3947A062AA9BB2C00561D26 /* Build configuration list for PBXProject "SushiTracker" */;
			compatibilityVersion = "Xcode 14.0";
			developmentRegion = en;
			hasScannedForEncodings = 0;
			knownRegions = (
				en,
				Base,
				fr,
				de,
				es,
			);
			mainGroup = C3947A022AA9BB2C00561D26;
			packageReferences = (
				C3EA6F462AB31EF5009FF0BB /* XCRemoteSwiftPackageReference "FloatingButton" */,
				C344278B2AC4831700C9A60A /* XCRemoteSwiftPackageReference "CodeScanner" */,
			);
			productRefGroup = C3947A0C2AA9BB2C00561D26 /* Products */;
			projectDirPath = "";
			projectRoot = "";
			targets = (
				C3947A0A2AA9BB2C00561D26 /* SushiTracker */,
				C3947A1A2AA9BB2D00561D26 /* SushiTrackerTests */,
				C3947A242AA9BB2D00561D26 /* SushiTrackerUITests */,
			);
		};
/* End PBXProject section */

/* Begin PBXResourcesBuildPhase section */
		C3947A092AA9BB2C00561D26 /* Resources */ = {
			isa = PBXResourcesBuildPhase;
			buildActionMask = 2147483647;
			files = (
				C3F96FAA2AC59AAD0072DA42 /* buttonpressed.mp3 in Resources */,
				C3947A162AA9BB2D00561D26 /* Preview Assets.xcassets in Resources */,
				C3947A132AA9BB2D00561D26 /* Assets.xcassets in Resources */,
			);
			runOnlyForDeploymentPostprocessing = 0;
		};
		C3947A192AA9BB2D00561D26 /* Resources */ = {
			isa = PBXResourcesBuildPhase;
			buildActionMask = 2147483647;
			files = (
			);
			runOnlyForDeploymentPostprocessing = 0;
		};
		C3947A232AA9BB2D00561D26 /* Resources */ = {
			isa = PBXResourcesBuildPhase;
			buildActionMask = 2147483647;
			files = (
			);
			runOnlyForDeploymentPostprocessing = 0;
		};
/* End PBXResourcesBuildPhase section */

/* Begin PBXSourcesBuildPhase section */
		C3947A072AA9BB2C00561D26 /* Sources */ = {
			isa = PBXSourcesBuildPhase;
			buildActionMask = 2147483647;
			files = (
				C3AF01112AB2102D007E9D35 /* ListInsideScontrino.swift in Sources */,
				C33D30392AACF3AE0039B426 /* CustomTextFields.swift in Sources */,
				C3AF01082AB1CC39007E9D35 /* CustomDraggableView.swift in Sources */,
				C33D301C2AACC5950039B426 /* SushiDataModel.xcdatamodeld in Sources */,
				C36526162AB0BDC3001B5931 /* RestaurantPopupViewModel.swift in Sources */,
				C35F03072AB8ABBD00CE0E7B /* FoodItemManager.swift in Sources */,
				C35F030B2AB8B21C00CE0E7B /* FoodData.swift in Sources */,
				C35F03092AB8ABEC00CE0E7B /* CoreDataStack.swift in Sources */,
				C3D9E7AE2AB86B15001728B9 /* SoundManager.swift in Sources */,
				C35783882AC48EAD0099FD5A /* ScannerView.swift in Sources */,
				C3947A392AAA01CB00561D26 /* ResturantPopupView.swift in Sources */,
				C33D302F2AACE2220039B426 /* RestaurantListViewModel.swift in Sources */,
				C3947A3D2AAA0C9400561D26 /* RestaurantDetailView.swift in Sources */,
				C33D30282AACD1830039B426 /* PersistenceController.swift in Sources */,
				C3D9E7B02AB870D8001728B9 /* AddFoodView.swift in Sources */,
				C357838A2AC495BA0099FD5A /* CameraView.swift in Sources */,
				C357838D2AC499E60099FD5A /* Permission.swift in Sources */,
				C3F96FA82AC593FF0072DA42 /* QRCodeButton.swift in Sources */,
				C3947A112AA9BB2C00561D26 /* ContentView.swift in Sources */,
				C33D30332AACE6150039B426 /* RestaurantDetailViewModel.swift in Sources */,
				C38FAF752AAB658400BC16B2 /* SearchBar.swift in Sources */,
				C3DB4F752AAE379D006CBD40 /* MapKit.swift in Sources */,
				C3AF010A2AB1E5CA007E9D35 /* ScontrinoView.swift in Sources */,
				C357838F2AC57F3D0099FD5A /* QRScannerDelegate.swift in Sources */,
				C38FAF772AAB710900BC16B2 /* RestaurantListView.swift in Sources */,
				C33D302A2AACDCDE0039B426 /* RestaurantItem.swift in Sources */,
				C3F96FAC2AC5AB9C0072DA42 /* Extensions+Views.swift in Sources */,
				C3D9E7B22AB87101001728B9 /* AddDrinkView.swift in Sources */,
				C3937CE32AAF6440002D1CD6 /* KeyboardHandling.swift in Sources */,
				C3947A3F2AAA0CBE00561D26 /* RestaurantRowView.swift in Sources */,
				C3EA6F4F2AB34B00009FF0BB /* FloatingButtonView.swift in Sources */,
				C3947A0F2AA9BB2C00561D26 /* SushiTrackerApp.swift in Sources */,
			);
			runOnlyForDeploymentPostprocessing = 0;
		};
		C3947A172AA9BB2D00561D26 /* Sources */ = {
			isa = PBXSourcesBuildPhase;
			buildActionMask = 2147483647;
			files = (
				C33D301D2AACC8020039B426 /* SushiDataModel.xcdatamodeld in Sources */,
				C3947A202AA9BB2D00561D26 /* SushiTrackerTests.swift in Sources */,
			);
			runOnlyForDeploymentPostprocessing = 0;
		};
		C3947A212AA9BB2D00561D26 /* Sources */ = {
			isa = PBXSourcesBuildPhase;
			buildActionMask = 2147483647;
			files = (
				C3947A2C2AA9BB2D00561D26 /* SushiTrackerUITestsLaunchTests.swift in Sources */,
				C33D301E2AACC8020039B426 /* SushiDataModel.xcdatamodeld in Sources */,
				C3947A2A2AA9BB2D00561D26 /* SushiTrackerUITests.swift in Sources */,
			);
			runOnlyForDeploymentPostprocessing = 0;
		};
/* End PBXSourcesBuildPhase section */

/* Begin PBXTargetDependency section */
		C3947A1D2AA9BB2D00561D26 /* PBXTargetDependency */ = {
			isa = PBXTargetDependency;
			target = C3947A0A2AA9BB2C00561D26 /* SushiTracker */;
			targetProxy = C3947A1C2AA9BB2D00561D26 /* PBXContainerItemProxy */;
		};
		C3947A272AA9BB2D00561D26 /* PBXTargetDependency */ = {
			isa = PBXTargetDependency;
			target = C3947A0A2AA9BB2C00561D26 /* SushiTracker */;
			targetProxy = C3947A262AA9BB2D00561D26 /* PBXContainerItemProxy */;
		};
/* End PBXTargetDependency section */

/* Begin XCBuildConfiguration section */
		C3947A2D2AA9BB2D00561D26 /* Debug */ = {
			isa = XCBuildConfiguration;
			buildSettings = {
				ALWAYS_SEARCH_USER_PATHS = NO;
				CLANG_ANALYZER_LOCALIZABILITY_NONLOCALIZED = YES;
				CLANG_ANALYZER_NONNULL = YES;
				CLANG_ANALYZER_NUMBER_OBJECT_CONVERSION = YES_AGGRESSIVE;
				CLANG_CXX_LANGUAGE_STANDARD = "gnu++20";
				CLANG_ENABLE_MODULES = YES;
				CLANG_ENABLE_OBJC_ARC = YES;
				CLANG_ENABLE_OBJC_WEAK = YES;
				CLANG_WARN_BLOCK_CAPTURE_AUTORELEASING = YES;
				CLANG_WARN_BOOL_CONVERSION = YES;
				CLANG_WARN_COMMA = YES;
				CLANG_WARN_CONSTANT_CONVERSION = YES;
				CLANG_WARN_DEPRECATED_OBJC_IMPLEMENTATIONS = YES;
				CLANG_WARN_DIRECT_OBJC_ISA_USAGE = YES_ERROR;
				CLANG_WARN_DOCUMENTATION_COMMENTS = YES;
				CLANG_WARN_EMPTY_BODY = YES;
				CLANG_WARN_ENUM_CONVERSION = YES;
				CLANG_WARN_INFINITE_RECURSION = YES;
				CLANG_WARN_INT_CONVERSION = YES;
				CLANG_WARN_NON_LITERAL_NULL_CONVERSION = YES;
				CLANG_WARN_OBJC_IMPLICIT_RETAIN_SELF = YES;
				CLANG_WARN_OBJC_LITERAL_CONVERSION = YES;
				CLANG_WARN_OBJC_ROOT_CLASS = YES_ERROR;
				CLANG_WARN_QUOTED_INCLUDE_IN_FRAMEWORK_HEADER = YES;
				CLANG_WARN_RANGE_LOOP_ANALYSIS = YES;
				CLANG_WARN_STRICT_PROTOTYPES = YES;
				CLANG_WARN_SUSPICIOUS_MOVE = YES;
				CLANG_WARN_UNGUARDED_AVAILABILITY = YES_AGGRESSIVE;
				CLANG_WARN_UNREACHABLE_CODE = YES;
				CLANG_WARN__DUPLICATE_METHOD_MATCH = YES;
				COPY_PHASE_STRIP = NO;
				DEBUG_INFORMATION_FORMAT = dwarf;
				ENABLE_STRICT_OBJC_MSGSEND = YES;
				ENABLE_TESTABILITY = YES;
				ENABLE_USER_SCRIPT_SANDBOXING = YES;
				GCC_C_LANGUAGE_STANDARD = gnu11;
				GCC_DYNAMIC_NO_PIC = NO;
				GCC_NO_COMMON_BLOCKS = YES;
				GCC_OPTIMIZATION_LEVEL = 0;
				GCC_PREPROCESSOR_DEFINITIONS = (
					"DEBUG=1",
					"$(inherited)",
				);
				GCC_WARN_64_TO_32_BIT_CONVERSION = YES;
				GCC_WARN_ABOUT_RETURN_TYPE = YES_ERROR;
				GCC_WARN_UNDECLARED_SELECTOR = YES;
				GCC_WARN_UNINITIALIZED_AUTOS = YES_AGGRESSIVE;
				GCC_WARN_UNUSED_FUNCTION = YES;
				GCC_WARN_UNUSED_VARIABLE = YES;
				IPHONEOS_DEPLOYMENT_TARGET = 16.0;
				MTL_ENABLE_DEBUG_INFO = INCLUDE_SOURCE;
				MTL_FAST_MATH = YES;
				ONLY_ACTIVE_ARCH = YES;
				SDKROOT = iphoneos;
				SWIFT_ACTIVE_COMPILATION_CONDITIONS = DEBUG;
				SWIFT_OPTIMIZATION_LEVEL = "-Onone";
			};
			name = Debug;
		};
		C3947A2E2AA9BB2D00561D26 /* Release */ = {
			isa = XCBuildConfiguration;
			buildSettings = {
				ALWAYS_SEARCH_USER_PATHS = NO;
				CLANG_ANALYZER_LOCALIZABILITY_NONLOCALIZED = YES;
				CLANG_ANALYZER_NONNULL = YES;
				CLANG_ANALYZER_NUMBER_OBJECT_CONVERSION = YES_AGGRESSIVE;
				CLANG_CXX_LANGUAGE_STANDARD = "gnu++20";
				CLANG_ENABLE_MODULES = YES;
				CLANG_ENABLE_OBJC_ARC = YES;
				CLANG_ENABLE_OBJC_WEAK = YES;
				CLANG_WARN_BLOCK_CAPTURE_AUTORELEASING = YES;
				CLANG_WARN_BOOL_CONVERSION = YES;
				CLANG_WARN_COMMA = YES;
				CLANG_WARN_CONSTANT_CONVERSION = YES;
				CLANG_WARN_DEPRECATED_OBJC_IMPLEMENTATIONS = YES;
				CLANG_WARN_DIRECT_OBJC_ISA_USAGE = YES_ERROR;
				CLANG_WARN_DOCUMENTATION_COMMENTS = YES;
				CLANG_WARN_EMPTY_BODY = YES;
				CLANG_WARN_ENUM_CONVERSION = YES;
				CLANG_WARN_INFINITE_RECURSION = YES;
				CLANG_WARN_INT_CONVERSION = YES;
				CLANG_WARN_NON_LITERAL_NULL_CONVERSION = YES;
				CLANG_WARN_OBJC_IMPLICIT_RETAIN_SELF = YES;
				CLANG_WARN_OBJC_LITERAL_CONVERSION = YES;
				CLANG_WARN_OBJC_ROOT_CLASS = YES_ERROR;
				CLANG_WARN_QUOTED_INCLUDE_IN_FRAMEWORK_HEADER = YES;
				CLANG_WARN_RANGE_LOOP_ANALYSIS = YES;
				CLANG_WARN_STRICT_PROTOTYPES = YES;
				CLANG_WARN_SUSPICIOUS_MOVE = YES;
				CLANG_WARN_UNGUARDED_AVAILABILITY = YES_AGGRESSIVE;
				CLANG_WARN_UNREACHABLE_CODE = YES;
				CLANG_WARN__DUPLICATE_METHOD_MATCH = YES;
				COPY_PHASE_STRIP = NO;
				DEBUG_INFORMATION_FORMAT = "dwarf-with-dsym";
				ENABLE_NS_ASSERTIONS = NO;
				ENABLE_STRICT_OBJC_MSGSEND = YES;
				ENABLE_USER_SCRIPT_SANDBOXING = YES;
				GCC_C_LANGUAGE_STANDARD = gnu11;
				GCC_NO_COMMON_BLOCKS = YES;
				GCC_WARN_64_TO_32_BIT_CONVERSION = YES;
				GCC_WARN_ABOUT_RETURN_TYPE = YES_ERROR;
				GCC_WARN_UNDECLARED_SELECTOR = YES;
				GCC_WARN_UNINITIALIZED_AUTOS = YES_AGGRESSIVE;
				GCC_WARN_UNUSED_FUNCTION = YES;
				GCC_WARN_UNUSED_VARIABLE = YES;
				IPHONEOS_DEPLOYMENT_TARGET = 16.0;
				MTL_ENABLE_DEBUG_INFO = NO;
				MTL_FAST_MATH = YES;
				SDKROOT = iphoneos;
				SWIFT_COMPILATION_MODE = wholemodule;
				SWIFT_OPTIMIZATION_LEVEL = "-O";
				VALIDATE_PRODUCT = YES;
			};
			name = Release;
		};
		C3947A302AA9BB2D00561D26 /* Debug */ = {
			isa = XCBuildConfiguration;
			buildSettings = {
				ASSETCATALOG_COMPILER_APPICON_NAME = AppIcon;
				ASSETCATALOG_COMPILER_GLOBAL_ACCENT_COLOR_NAME = AccentColor;
				CODE_SIGN_STYLE = Automatic;
				CURRENT_PROJECT_VERSION = 1;
				DEVELOPMENT_ASSET_PATHS = "\"SushiTracker/Preview Content\"";
				DEVELOPMENT_TEAM = Q7W3VFRJN2;
				ENABLE_PREVIEWS = YES;
				GENERATE_INFOPLIST_FILE = YES;
				INFOPLIST_FILE = SushiTracker/Info.plist;
				INFOPLIST_KEY_CFBundleDisplayName = SushiMe;
				INFOPLIST_KEY_LSApplicationCategoryType = "public.app-category.food-and-drink";
				INFOPLIST_KEY_NSCameraUsageDescription = "";
				INFOPLIST_KEY_NSLocationWhenInUseUsageDescription = "Consenti a SushiTracker di accedere alla tua posizione per ottenere le informazioni dei ristoranti";
				INFOPLIST_KEY_UIApplicationSceneManifest_Generation = YES;
				INFOPLIST_KEY_UIApplicationSupportsIndirectInputEvents = YES;
				INFOPLIST_KEY_UILaunchScreen_Generation = YES;
				INFOPLIST_KEY_UISupportedInterfaceOrientations = UIInterfaceOrientationPortrait;
				INFOPLIST_KEY_UIUserInterfaceStyle = Light;
				IPHONEOS_DEPLOYMENT_TARGET = 16.5;
				LD_RUNPATH_SEARCH_PATHS = (
					"$(inherited)",
					"@executable_path/Frameworks",
				);
				MARKETING_VERSION = 1.0;
				ONLY_ACTIVE_ARCH = YES;
				PRODUCT_BUNDLE_IDENTIFIER = com.giulioaterno.SushiTracker;
				PRODUCT_NAME = "$(TARGET_NAME)";
				SWIFT_EMIT_LOC_STRINGS = YES;
				SWIFT_VERSION = 5.0;
				TARGETED_DEVICE_FAMILY = "1,2";
			};
			name = Debug;
		};
		C3947A312AA9BB2D00561D26 /* Release */ = {
			isa = XCBuildConfiguration;
			buildSettings = {
				ASSETCATALOG_COMPILER_APPICON_NAME = AppIcon;
				ASSETCATALOG_COMPILER_GLOBAL_ACCENT_COLOR_NAME = AccentColor;
				CODE_SIGN_STYLE = Automatic;
				CURRENT_PROJECT_VERSION = 1;
				DEVELOPMENT_ASSET_PATHS = "\"SushiTracker/Preview Content\"";
				DEVELOPMENT_TEAM = Q7W3VFRJN2;
				ENABLE_PREVIEWS = YES;
				GENERATE_INFOPLIST_FILE = YES;
				INFOPLIST_FILE = SushiTracker/Info.plist;
				INFOPLIST_KEY_CFBundleDisplayName = SushiMe;
				INFOPLIST_KEY_LSApplicationCategoryType = "public.app-category.food-and-drink";
				INFOPLIST_KEY_NSCameraUsageDescription = "";
				INFOPLIST_KEY_NSLocationWhenInUseUsageDescription = "Consenti a SushiTracker di accedere alla tua posizione per ottenere le informazioni dei ristoranti";
				INFOPLIST_KEY_UIApplicationSceneManifest_Generation = YES;
				INFOPLIST_KEY_UIApplicationSupportsIndirectInputEvents = YES;
				INFOPLIST_KEY_UILaunchScreen_Generation = YES;
				INFOPLIST_KEY_UISupportedInterfaceOrientations = UIInterfaceOrientationPortrait;
				INFOPLIST_KEY_UIUserInterfaceStyle = Light;
				IPHONEOS_DEPLOYMENT_TARGET = 16.5;
				LD_RUNPATH_SEARCH_PATHS = (
					"$(inherited)",
					"@executable_path/Frameworks",
				);
				MARKETING_VERSION = 1.0;
				ONLY_ACTIVE_ARCH = YES;
				PRODUCT_BUNDLE_IDENTIFIER = com.giulioaterno.SushiTracker;
				PRODUCT_NAME = "$(TARGET_NAME)";
				SWIFT_EMIT_LOC_STRINGS = YES;
				SWIFT_VERSION = 5.0;
				TARGETED_DEVICE_FAMILY = "1,2";
			};
			name = Release;
		};
		C3947A332AA9BB2D00561D26 /* Debug */ = {
			isa = XCBuildConfiguration;
			buildSettings = {
				ALWAYS_EMBED_SWIFT_STANDARD_LIBRARIES = YES;
				BUNDLE_LOADER = "$(TEST_HOST)";
				CODE_SIGN_STYLE = Automatic;
				CURRENT_PROJECT_VERSION = 1;
				DEVELOPMENT_TEAM = Q7W3VFRJN2;
				GENERATE_INFOPLIST_FILE = YES;
				IPHONEOS_DEPLOYMENT_TARGET = 16.4;
				MARKETING_VERSION = 1.0;
				PRODUCT_BUNDLE_IDENTIFIER = com.giulioaterno.SushiTrackerTests;
				PRODUCT_NAME = "$(TARGET_NAME)";
				SWIFT_EMIT_LOC_STRINGS = NO;
				SWIFT_VERSION = 5.0;
				TARGETED_DEVICE_FAMILY = "1,2";
				TEST_HOST = "$(BUILT_PRODUCTS_DIR)/SushiTracker.app/$(BUNDLE_EXECUTABLE_FOLDER_PATH)/SushiTracker";
			};
			name = Debug;
		};
		C3947A342AA9BB2D00561D26 /* Release */ = {
			isa = XCBuildConfiguration;
			buildSettings = {
				ALWAYS_EMBED_SWIFT_STANDARD_LIBRARIES = YES;
				BUNDLE_LOADER = "$(TEST_HOST)";
				CODE_SIGN_STYLE = Automatic;
				CURRENT_PROJECT_VERSION = 1;
				DEVELOPMENT_TEAM = Q7W3VFRJN2;
				GENERATE_INFOPLIST_FILE = YES;
				IPHONEOS_DEPLOYMENT_TARGET = 16.4;
				MARKETING_VERSION = 1.0;
				PRODUCT_BUNDLE_IDENTIFIER = com.giulioaterno.SushiTrackerTests;
				PRODUCT_NAME = "$(TARGET_NAME)";
				SWIFT_EMIT_LOC_STRINGS = NO;
				SWIFT_VERSION = 5.0;
				TARGETED_DEVICE_FAMILY = "1,2";
				TEST_HOST = "$(BUILT_PRODUCTS_DIR)/SushiTracker.app/$(BUNDLE_EXECUTABLE_FOLDER_PATH)/SushiTracker";
			};
			name = Release;
		};
		C3947A362AA9BB2D00561D26 /* Debug */ = {
			isa = XCBuildConfiguration;
			buildSettings = {
				ALWAYS_EMBED_SWIFT_STANDARD_LIBRARIES = YES;
				CODE_SIGN_STYLE = Automatic;
				CURRENT_PROJECT_VERSION = 1;
				DEVELOPMENT_TEAM = Q7W3VFRJN2;
				GENERATE_INFOPLIST_FILE = YES;
				MARKETING_VERSION = 1.0;
				PRODUCT_BUNDLE_IDENTIFIER = com.giulioaterno.SushiTrackerUITests;
				PRODUCT_NAME = "$(TARGET_NAME)";
				SWIFT_EMIT_LOC_STRINGS = NO;
				SWIFT_VERSION = 5.0;
				TARGETED_DEVICE_FAMILY = "1,2";
				TEST_TARGET_NAME = SushiTracker;
			};
			name = Debug;
		};
		C3947A372AA9BB2D00561D26 /* Release */ = {
			isa = XCBuildConfiguration;
			buildSettings = {
				ALWAYS_EMBED_SWIFT_STANDARD_LIBRARIES = YES;
				CODE_SIGN_STYLE = Automatic;
				CURRENT_PROJECT_VERSION = 1;
				DEVELOPMENT_TEAM = Q7W3VFRJN2;
				GENERATE_INFOPLIST_FILE = YES;
				MARKETING_VERSION = 1.0;
				PRODUCT_BUNDLE_IDENTIFIER = com.giulioaterno.SushiTrackerUITests;
				PRODUCT_NAME = "$(TARGET_NAME)";
				SWIFT_EMIT_LOC_STRINGS = NO;
				SWIFT_VERSION = 5.0;
				TARGETED_DEVICE_FAMILY = "1,2";
				TEST_TARGET_NAME = SushiTracker;
			};
			name = Release;
		};
/* End XCBuildConfiguration section */

/* Begin XCConfigurationList section */
		C3947A062AA9BB2C00561D26 /* Build configuration list for PBXProject "SushiTracker" */ = {
			isa = XCConfigurationList;
			buildConfigurations = (
				C3947A2D2AA9BB2D00561D26 /* Debug */,
				C3947A2E2AA9BB2D00561D26 /* Release */,
			);
			defaultConfigurationIsVisible = 0;
			defaultConfigurationName = Release;
		};
		C3947A2F2AA9BB2D00561D26 /* Build configuration list for PBXNativeTarget "SushiTracker" */ = {
			isa = XCConfigurationList;
			buildConfigurations = (
				C3947A302AA9BB2D00561D26 /* Debug */,
				C3947A312AA9BB2D00561D26 /* Release */,
			);
			defaultConfigurationIsVisible = 0;
			defaultConfigurationName = Release;
		};
		C3947A322AA9BB2D00561D26 /* Build configuration list for PBXNativeTarget "SushiTrackerTests" */ = {
			isa = XCConfigurationList;
			buildConfigurations = (
				C3947A332AA9BB2D00561D26 /* Debug */,
				C3947A342AA9BB2D00561D26 /* Release */,
			);
			defaultConfigurationIsVisible = 0;
			defaultConfigurationName = Release;
		};
		C3947A352AA9BB2D00561D26 /* Build configuration list for PBXNativeTarget "SushiTrackerUITests" */ = {
			isa = XCConfigurationList;
			buildConfigurations = (
				C3947A362AA9BB2D00561D26 /* Debug */,
				C3947A372AA9BB2D00561D26 /* Release */,
			);
			defaultConfigurationIsVisible = 0;
			defaultConfigurationName = Release;
		};
/* End XCConfigurationList section */

/* Begin XCRemoteSwiftPackageReference section */
		C344278B2AC4831700C9A60A /* XCRemoteSwiftPackageReference "CodeScanner" */ = {
			isa = XCRemoteSwiftPackageReference;
			repositoryURL = "https://github.com/twostraws/CodeScanner.git";
			requirement = {
				kind = upToNextMajorVersion;
				minimumVersion = 2.3.3;
			};
		};
		C3EA6F462AB31EF5009FF0BB /* XCRemoteSwiftPackageReference "FloatingButton" */ = {
			isa = XCRemoteSwiftPackageReference;
			repositoryURL = "https://github.com/exyte/FloatingButton.git";
			requirement = {
				kind = upToNextMajorVersion;
				minimumVersion = 1.0.0;
			};
		};
/* End XCRemoteSwiftPackageReference section */

/* Begin XCSwiftPackageProductDependency section */
		C3EA6F472AB31EF5009FF0BB /* FloatingButton */ = {
			isa = XCSwiftPackageProductDependency;
			package = C3EA6F462AB31EF5009FF0BB /* XCRemoteSwiftPackageReference "FloatingButton" */;
			productName = FloatingButton;
		};
/* End XCSwiftPackageProductDependency section */

/* Begin XCVersionGroup section */
		C33D301A2AACC5950039B426 /* SushiDataModel.xcdatamodeld */ = {
			isa = XCVersionGroup;
			children = (
				C33D301B2AACC5950039B426 /* SushiDataModel.xcdatamodel */,
			);
			currentVersion = C33D301B2AACC5950039B426 /* SushiDataModel.xcdatamodel */;
			path = SushiDataModel.xcdatamodeld;
			sourceTree = "<group>";
			versionGroupType = wrapper.xcdatamodel;
		};
/* End XCVersionGroup section */
	};
	rootObject = C3947A032AA9BB2C00561D26 /* Project object */;
}
